
Microsoft Visual Studio Solution File, Format Version 12.00
# Visual Studio Version 17
VisualStudioVersion = 17.13.35825.156
MinimumVisualStudioVersion = 10.0.40219.1
Project("{FAE04EC0-301F-11D3-BF4B-00C04F79EFBC}") = "GameZone", "GameZone\GameZone.csproj", "{384CB3D2-80F0-4272-9BC1-DE6E026C4656}"
EndProject
Global
	GlobalSection(SolutionConfigurationPlatforms) = preSolution
		Debug|Any CPU = Debug|Any CPU
		Release|Any CPU = Release|Any CPU
	EndGlobalSection
	GlobalSection(ProjectConfigurationPlatforms) = postSolution
		{384CB3D2-80F0-4272-9BC1-DE6E026C4656}.Debug|Any CPU.ActiveCfg = Debug|Any CPU
		{384CB3D2-80F0-4272-9BC1-DE6E026C4656}.Debug|Any CPU.Build.0 = Debug|Any CPU
		{384CB3D2-80F0-4272-9BC1-DE6E026C4656}.Release|Any CPU.ActiveCfg = Release|Any CPU
		{384CB3D2-80F0-4272-9BC1-DE6E026C4656}.Release|Any CPU.Build.0 = Release|Any CPU
	EndGlobalSection
	GlobalSection(SolutionProperties) = preSolution
		HideSolutionNode = FALSE
	EndGlobalSection
	GlobalSection(ExtensibilityGlobals) = postSolution
		SolutionGuid = {70CC5F67-58CD-4F1D-9A17-AA073587A5D0}
	EndGlobalSection
EndGlobal
